
Microsoft Visual Studio Solution File, Format Version 12.00
# Visual Studio Version 17
VisualStudioVersion = 17.2.32602.215
MinimumVisualStudioVersion = 10.0.40219.1
Project("{9A19103F-16F7-4668-BE54-9A1E7A4F7556}") = "LocationApp", "LocationApp\LocationApp.csproj", "{8D661896-AFAE-4D05-B39A-8A79533CB877}"
EndProject
Project("{9A19103F-16F7-4668-BE54-9A1E7A4F7556}") = "LocationApp.Data", "LocationApp.Data\LocationApp.Data.csproj", "{898E3C19-52F1-4F5A-90F8-0DCF5BF0E43F}"
EndProject
Global
	GlobalSection(SolutionConfigurationPlatforms) = preSolution
		Debug|Any CPU = Debug|Any CPU
		Release|Any CPU = Release|Any CPU
	EndGlobalSection
	GlobalSection(ProjectConfigurationPlatforms) = postSolution
		{8D661896-AFAE-4D05-B39A-8A79533CB877}.Debug|Any CPU.ActiveCfg = Debug|Any CPU
		{8D661896-AFAE-4D05-B39A-8A79533CB877}.Debug|Any CPU.Build.0 = Debug|Any CPU
		{8D661896-AFAE-4D05-B39A-8A79533CB877}.Release|Any CPU.ActiveCfg = Release|Any CPU
		{8D661896-AFAE-4D05-B39A-8A79533CB877}.Release|Any CPU.Build.0 = Release|Any CPU
		{898E3C19-52F1-4F5A-90F8-0DCF5BF0E43F}.Debug|Any CPU.ActiveCfg = Debug|Any CPU
		{898E3C19-52F1-4F5A-90F8-0DCF5BF0E43F}.Debug|Any CPU.Build.0 = Debug|Any CPU
		{898E3C19-52F1-4F5A-90F8-0DCF5BF0E43F}.Release|Any CPU.ActiveCfg = Release|Any CPU
		{898E3C19-52F1-4F5A-90F8-0DCF5BF0E43F}.Release|Any CPU.Build.0 = Release|Any CPU
	EndGlobalSection
	GlobalSection(SolutionProperties) = preSolution
		HideSolutionNode = FALSE
	EndGlobalSection
	GlobalSection(ExtensibilityGlobals) = postSolution
		SolutionGuid = {2A1CA35E-6666-473D-884B-C2AB18E4ECAA}
	EndGlobalSection
EndGlobal
